// !$*UTF8*$!
{
	archiveVersion = 1;
	classes = {
	};
	objectVersion = 46;
	objects = {

/* Begin PBXBuildFile section */
		006CE2591EE81194001F156A /* CourseViewController.swift in Sources */ = {isa = PBXBuildFile; fileRef = 006CE2581EE81194001F156A /* CourseViewController.swift */; };
		006DD1D31EE7243400E71768 /* Student.swift in Sources */ = {isa = PBXBuildFile; fileRef = 006DD1D21EE7243400E71768 /* Student.swift */; };
		006DD1D51EE7274D00E71768 /* LoginViewController.swift in Sources */ = {isa = PBXBuildFile; fileRef = 006DD1D41EE7274D00E71768 /* LoginViewController.swift */; };
		006DD1D71EE737F300E71768 /* ProfileViewController.swift in Sources */ = {isa = PBXBuildFile; fileRef = 006DD1D61EE737F300E71768 /* ProfileViewController.swift */; };
		006DD1D91EE73F0500E71768 /* utils.swift in Sources */ = {isa = PBXBuildFile; fileRef = 006DD1D81EE73F0500E71768 /* utils.swift */; };
		006DD1DB1EE741E800E71768 /* MarksViewController.swift in Sources */ = {isa = PBXBuildFile; fileRef = 006DD1DA1EE741E800E71768 /* MarksViewController.swift */; };
		00FB5E911EE9AE900080D172 /* Roboto-Black.ttf in Resources */ = {isa = PBXBuildFile; fileRef = 00FB5E851EE9AE900080D172 /* Roboto-Black.ttf */; };
		00FB5E921EE9AE900080D172 /* Roboto-BlackItalic.ttf in Resources */ = {isa = PBXBuildFile; fileRef = 00FB5E861EE9AE900080D172 /* Roboto-BlackItalic.ttf */; };
		00FB5E931EE9AE900080D172 /* Roboto-Bold.ttf in Resources */ = {isa = PBXBuildFile; fileRef = 00FB5E871EE9AE900080D172 /* Roboto-Bold.ttf */; };
		00FB5E941EE9AE900080D172 /* Roboto-BoldItalic.ttf in Resources */ = {isa = PBXBuildFile; fileRef = 00FB5E881EE9AE900080D172 /* Roboto-BoldItalic.ttf */; };
		00FB5E951EE9AE900080D172 /* Roboto-Italic.ttf in Resources */ = {isa = PBXBuildFile; fileRef = 00FB5E891EE9AE900080D172 /* Roboto-Italic.ttf */; };
		00FB5E961EE9AE900080D172 /* Roboto-Light.ttf in Resources */ = {isa = PBXBuildFile; fileRef = 00FB5E8A1EE9AE900080D172 /* Roboto-Light.ttf */; };
		00FB5E971EE9AE900080D172 /* Roboto-LightItalic.ttf in Resources */ = {isa = PBXBuildFile; fileRef = 00FB5E8B1EE9AE900080D172 /* Roboto-LightItalic.ttf */; };
		00FB5E981EE9AE900080D172 /* Roboto-Medium.ttf in Resources */ = {isa = PBXBuildFile; fileRef = 00FB5E8C1EE9AE900080D172 /* Roboto-Medium.ttf */; };
		00FB5E991EE9AE900080D172 /* Roboto-MediumItalic.ttf in Resources */ = {isa = PBXBuildFile; fileRef = 00FB5E8D1EE9AE900080D172 /* Roboto-MediumItalic.ttf */; };
		00FB5E9A1EE9AE900080D172 /* Roboto-Regular.ttf in Resources */ = {isa = PBXBuildFile; fileRef = 00FB5E8E1EE9AE900080D172 /* Roboto-Regular.ttf */; };
		00FB5E9B1EE9AE900080D172 /* Roboto-Thin.ttf in Resources */ = {isa = PBXBuildFile; fileRef = 00FB5E8F1EE9AE900080D172 /* Roboto-Thin.ttf */; };
		00FB5E9C1EE9AE900080D172 /* Roboto-ThinItalic.ttf in Resources */ = {isa = PBXBuildFile; fileRef = 00FB5E901EE9AE900080D172 /* Roboto-ThinItalic.ttf */; };
		3813AC621EE9FBD1004D8813 /* ProfileDetailsViewController.swift in Sources */ = {isa = PBXBuildFile; fileRef = 3813AC611EE9FBD1004D8813 /* ProfileDetailsViewController.swift */; };
		3813AC641EEA01A5004D8813 /* ProfileInfoViewController.swift in Sources */ = {isa = PBXBuildFile; fileRef = 3813AC631EEA01A5004D8813 /* ProfileInfoViewController.swift */; };
		3813AC661EEABCA8004D8813 /* ProfileNotificationsViewController.swift in Sources */ = {isa = PBXBuildFile; fileRef = 3813AC651EEABCA8004D8813 /* ProfileNotificationsViewController.swift */; };
		3813AC691EEBFA8C004D8813 /* NotificationsUtils.swift in Sources */ = {isa = PBXBuildFile; fileRef = 3813AC681EEBFA8C004D8813 /* NotificationsUtils.swift */; };
		382027891EDF5BA90092D384 /* AppDelegate.swift in Sources */ = {isa = PBXBuildFile; fileRef = 382027881EDF5BA90092D384 /* AppDelegate.swift */; };
		3820278B1EDF5BA90092D384 /* ViewController.swift in Sources */ = {isa = PBXBuildFile; fileRef = 3820278A1EDF5BA90092D384 /* ViewController.swift */; };
		3820278E1EDF5BA90092D384 /* Main.storyboard in Resources */ = {isa = PBXBuildFile; fileRef = 3820278C1EDF5BA90092D384 /* Main.storyboard */; };
		382027901EDF5BA90092D384 /* Assets.xcassets in Resources */ = {isa = PBXBuildFile; fileRef = 3820278F1EDF5BA90092D384 /* Assets.xcassets */; };
		382027931EDF5BA90092D384 /* LaunchScreen.storyboard in Resources */ = {isa = PBXBuildFile; fileRef = 382027911EDF5BA90092D384 /* LaunchScreen.storyboard */; };
		3820279E1EDF5BA90092D384 /* ExtranetAppTests.swift in Sources */ = {isa = PBXBuildFile; fileRef = 3820279D1EDF5BA90092D384 /* ExtranetAppTests.swift */; };
		382027A91EDF5BA90092D384 /* ExtranetAppUITests.swift in Sources */ = {isa = PBXBuildFile; fileRef = 382027A81EDF5BA90092D384 /* ExtranetAppUITests.swift */; };
		38283FD31EE9B17000A9DE49 /* CourseTableViewCell.swift in Sources */ = {isa = PBXBuildFile; fileRef = 38283FD21EE9B17000A9DE49 /* CourseTableViewCell.swift */; };
		38B6DBF01EE98D2E00E592BB /* Reachability.swift in Sources */ = {isa = PBXBuildFile; fileRef = 38B6DBEF1EE98D2E00E592BB /* Reachability.swift */; };
		4308C4C08547E5A369D46C55 /* Pods_ExtranetAppTests.framework in Frameworks */ = {isa = PBXBuildFile; fileRef = 47A4694A4E085201FB81B6CA /* Pods_ExtranetAppTests.framework */; };
		CDD7D5E890A9042A41D52BD9 /* Pods_ExtranetAppUITests.framework in Frameworks */ = {isa = PBXBuildFile; fileRef = D29F3410D68F1CC38FD218E4 /* Pods_ExtranetAppUITests.framework */; };
		EFEABB13575FF849D99FE03E /* Pods_ExtranetApp.framework in Frameworks */ = {isa = PBXBuildFile; fileRef = 977E027FC4C5EEC0B390966B /* Pods_ExtranetApp.framework */; };
/* End PBXBuildFile section */

/* Begin PBXContainerItemProxy section */
		3820279A1EDF5BA90092D384 /* PBXContainerItemProxy */ = {
			isa = PBXContainerItemProxy;
			containerPortal = 3820277D1EDF5BA90092D384 /* Project object */;
			proxyType = 1;
			remoteGlobalIDString = 382027841EDF5BA90092D384;
			remoteInfo = ExtranetApp;
		};
		382027A51EDF5BA90092D384 /* PBXContainerItemProxy */ = {
			isa = PBXContainerItemProxy;
			containerPortal = 3820277D1EDF5BA90092D384 /* Project object */;
			proxyType = 1;
			remoteGlobalIDString = 382027841EDF5BA90092D384;
			remoteInfo = ExtranetApp;
		};
/* End PBXContainerItemProxy section */

/* Begin PBXFileReference section */
		006CE2581EE81194001F156A /* CourseViewController.swift */ = {isa = PBXFileReference; fileEncoding = 4; lastKnownFileType = sourcecode.swift; path = CourseViewController.swift; sourceTree = "<group>"; };
		006DD1D21EE7243400E71768 /* Student.swift */ = {isa = PBXFileReference; fileEncoding = 4; lastKnownFileType = sourcecode.swift; path = Student.swift; sourceTree = "<group>"; };
		006DD1D41EE7274D00E71768 /* LoginViewController.swift */ = {isa = PBXFileReference; fileEncoding = 4; lastKnownFileType = sourcecode.swift; path = LoginViewController.swift; sourceTree = "<group>"; };
		006DD1D61EE737F300E71768 /* ProfileViewController.swift */ = {isa = PBXFileReference; fileEncoding = 4; lastKnownFileType = sourcecode.swift; path = ProfileViewController.swift; sourceTree = "<group>"; };
		006DD1D81EE73F0500E71768 /* utils.swift */ = {isa = PBXFileReference; fileEncoding = 4; lastKnownFileType = sourcecode.swift; path = utils.swift; sourceTree = "<group>"; };
		006DD1DA1EE741E800E71768 /* MarksViewController.swift */ = {isa = PBXFileReference; fileEncoding = 4; lastKnownFileType = sourcecode.swift; lineEnding = 0; path = MarksViewController.swift; sourceTree = "<group>"; };
		00FB5E851EE9AE900080D172 /* Roboto-Black.ttf */ = {isa = PBXFileReference; lastKnownFileType = file; path = "Roboto-Black.ttf"; sourceTree = "<group>"; };
		00FB5E861EE9AE900080D172 /* Roboto-BlackItalic.ttf */ = {isa = PBXFileReference; lastKnownFileType = file; path = "Roboto-BlackItalic.ttf"; sourceTree = "<group>"; };
		00FB5E871EE9AE900080D172 /* Roboto-Bold.ttf */ = {isa = PBXFileReference; lastKnownFileType = file; path = "Roboto-Bold.ttf"; sourceTree = "<group>"; };
		00FB5E881EE9AE900080D172 /* Roboto-BoldItalic.ttf */ = {isa = PBXFileReference; lastKnownFileType = file; path = "Roboto-BoldItalic.ttf"; sourceTree = "<group>"; };
		00FB5E891EE9AE900080D172 /* Roboto-Italic.ttf */ = {isa = PBXFileReference; lastKnownFileType = file; path = "Roboto-Italic.ttf"; sourceTree = "<group>"; };
		00FB5E8A1EE9AE900080D172 /* Roboto-Light.ttf */ = {isa = PBXFileReference; lastKnownFileType = file; path = "Roboto-Light.ttf"; sourceTree = "<group>"; };
		00FB5E8B1EE9AE900080D172 /* Roboto-LightItalic.ttf */ = {isa = PBXFileReference; lastKnownFileType = file; path = "Roboto-LightItalic.ttf"; sourceTree = "<group>"; };
		00FB5E8C1EE9AE900080D172 /* Roboto-Medium.ttf */ = {isa = PBXFileReference; lastKnownFileType = file; path = "Roboto-Medium.ttf"; sourceTree = "<group>"; };
		00FB5E8D1EE9AE900080D172 /* Roboto-MediumItalic.ttf */ = {isa = PBXFileReference; lastKnownFileType = file; path = "Roboto-MediumItalic.ttf"; sourceTree = "<group>"; };
		00FB5E8E1EE9AE900080D172 /* Roboto-Regular.ttf */ = {isa = PBXFileReference; lastKnownFileType = file; path = "Roboto-Regular.ttf"; sourceTree = "<group>"; };
		00FB5E8F1EE9AE900080D172 /* Roboto-Thin.ttf */ = {isa = PBXFileReference; lastKnownFileType = file; path = "Roboto-Thin.ttf"; sourceTree = "<group>"; };
		00FB5E901EE9AE900080D172 /* Roboto-ThinItalic.ttf */ = {isa = PBXFileReference; lastKnownFileType = file; path = "Roboto-ThinItalic.ttf"; sourceTree = "<group>"; };
		16AE405F965644DD7E64E6DC /* Pods-ExtranetApp.debug.xcconfig */ = {isa = PBXFileReference; includeInIndex = 1; lastKnownFileType = text.xcconfig; name = "Pods-ExtranetApp.debug.xcconfig"; path = "Pods/Target Support Files/Pods-ExtranetApp/Pods-ExtranetApp.debug.xcconfig"; sourceTree = "<group>"; };
		3813AC611EE9FBD1004D8813 /* ProfileDetailsViewController.swift */ = {isa = PBXFileReference; fileEncoding = 4; lastKnownFileType = sourcecode.swift; path = ProfileDetailsViewController.swift; sourceTree = "<group>"; };
		3813AC631EEA01A5004D8813 /* ProfileInfoViewController.swift */ = {isa = PBXFileReference; fileEncoding = 4; lastKnownFileType = sourcecode.swift; path = ProfileInfoViewController.swift; sourceTree = "<group>"; };
		3813AC651EEABCA8004D8813 /* ProfileNotificationsViewController.swift */ = {isa = PBXFileReference; fileEncoding = 4; lastKnownFileType = sourcecode.swift; path = ProfileNotificationsViewController.swift; sourceTree = "<group>"; };
		3813AC681EEBFA8C004D8813 /* NotificationsUtils.swift */ = {isa = PBXFileReference; fileEncoding = 4; lastKnownFileType = sourcecode.swift; path = NotificationsUtils.swift; sourceTree = "<group>"; };
		382027851EDF5BA90092D384 /* ExtranetApp.app */ = {isa = PBXFileReference; explicitFileType = wrapper.application; includeInIndex = 0; path = ExtranetApp.app; sourceTree = BUILT_PRODUCTS_DIR; };
		382027881EDF5BA90092D384 /* AppDelegate.swift */ = {isa = PBXFileReference; lastKnownFileType = sourcecode.swift; path = AppDelegate.swift; sourceTree = "<group>"; };
		3820278A1EDF5BA90092D384 /* ViewController.swift */ = {isa = PBXFileReference; lastKnownFileType = sourcecode.swift; path = ViewController.swift; sourceTree = "<group>"; };
		3820278D1EDF5BA90092D384 /* Base */ = {isa = PBXFileReference; lastKnownFileType = file.storyboard; name = Base; path = Base.lproj/Main.storyboard; sourceTree = "<group>"; };
		3820278F1EDF5BA90092D384 /* Assets.xcassets */ = {isa = PBXFileReference; lastKnownFileType = folder.assetcatalog; path = Assets.xcassets; sourceTree = "<group>"; };
		382027921EDF5BA90092D384 /* Base */ = {isa = PBXFileReference; lastKnownFileType = file.storyboard; name = Base; path = Base.lproj/LaunchScreen.storyboard; sourceTree = "<group>"; };
		382027941EDF5BA90092D384 /* Info.plist */ = {isa = PBXFileReference; lastKnownFileType = text.plist.xml; path = Info.plist; sourceTree = "<group>"; };
		382027991EDF5BA90092D384 /* ExtranetAppTests.xctest */ = {isa = PBXFileReference; explicitFileType = wrapper.cfbundle; includeInIndex = 0; path = ExtranetAppTests.xctest; sourceTree = BUILT_PRODUCTS_DIR; };
		3820279D1EDF5BA90092D384 /* ExtranetAppTests.swift */ = {isa = PBXFileReference; lastKnownFileType = sourcecode.swift; path = ExtranetAppTests.swift; sourceTree = "<group>"; };
		3820279F1EDF5BA90092D384 /* Info.plist */ = {isa = PBXFileReference; lastKnownFileType = text.plist.xml; path = Info.plist; sourceTree = "<group>"; };
		382027A41EDF5BA90092D384 /* ExtranetAppUITests.xctest */ = {isa = PBXFileReference; explicitFileType = wrapper.cfbundle; includeInIndex = 0; path = ExtranetAppUITests.xctest; sourceTree = BUILT_PRODUCTS_DIR; };
		382027A81EDF5BA90092D384 /* ExtranetAppUITests.swift */ = {isa = PBXFileReference; lastKnownFileType = sourcecode.swift; path = ExtranetAppUITests.swift; sourceTree = "<group>"; };
		382027AA1EDF5BA90092D384 /* Info.plist */ = {isa = PBXFileReference; lastKnownFileType = text.plist.xml; path = Info.plist; sourceTree = "<group>"; };
		38283FD21EE9B17000A9DE49 /* CourseTableViewCell.swift */ = {isa = PBXFileReference; fileEncoding = 4; lastKnownFileType = sourcecode.swift; path = CourseTableViewCell.swift; sourceTree = "<group>"; };
		38B6DBEF1EE98D2E00E592BB /* Reachability.swift */ = {isa = PBXFileReference; fileEncoding = 4; lastKnownFileType = sourcecode.swift; path = Reachability.swift; sourceTree = "<group>"; };
		47A4694A4E085201FB81B6CA /* Pods_ExtranetAppTests.framework */ = {isa = PBXFileReference; explicitFileType = wrapper.framework; includeInIndex = 0; path = Pods_ExtranetAppTests.framework; sourceTree = BUILT_PRODUCTS_DIR; };
		5EB7D9248F386D74EABADDB3 /* Pods-ExtranetAppTests.debug.xcconfig */ = {isa = PBXFileReference; includeInIndex = 1; lastKnownFileType = text.xcconfig; name = "Pods-ExtranetAppTests.debug.xcconfig"; path = "Pods/Target Support Files/Pods-ExtranetAppTests/Pods-ExtranetAppTests.debug.xcconfig"; sourceTree = "<group>"; };
		6E5B7D89602CF385F9CE031D /* Pods-ExtranetAppUITests.release.xcconfig */ = {isa = PBXFileReference; includeInIndex = 1; lastKnownFileType = text.xcconfig; name = "Pods-ExtranetAppUITests.release.xcconfig"; path = "Pods/Target Support Files/Pods-ExtranetAppUITests/Pods-ExtranetAppUITests.release.xcconfig"; sourceTree = "<group>"; };
		70D689577F079E695F1FAADA /* Pods-ExtranetApp.release.xcconfig */ = {isa = PBXFileReference; includeInIndex = 1; lastKnownFileType = text.xcconfig; name = "Pods-ExtranetApp.release.xcconfig"; path = "Pods/Target Support Files/Pods-ExtranetApp/Pods-ExtranetApp.release.xcconfig"; sourceTree = "<group>"; };
		977E027FC4C5EEC0B390966B /* Pods_ExtranetApp.framework */ = {isa = PBXFileReference; explicitFileType = wrapper.framework; includeInIndex = 0; path = Pods_ExtranetApp.framework; sourceTree = BUILT_PRODUCTS_DIR; };
		9DDABD68417498F053514B07 /* Pods-ExtranetAppUITests.debug.xcconfig */ = {isa = PBXFileReference; includeInIndex = 1; lastKnownFileType = text.xcconfig; name = "Pods-ExtranetAppUITests.debug.xcconfig"; path = "Pods/Target Support Files/Pods-ExtranetAppUITests/Pods-ExtranetAppUITests.debug.xcconfig"; sourceTree = "<group>"; };
		C250F17A8220E31EC679A718 /* Pods-ExtranetAppTests.release.xcconfig */ = {isa = PBXFileReference; includeInIndex = 1; lastKnownFileType = text.xcconfig; name = "Pods-ExtranetAppTests.release.xcconfig"; path = "Pods/Target Support Files/Pods-ExtranetAppTests/Pods-ExtranetAppTests.release.xcconfig"; sourceTree = "<group>"; };
		D29F3410D68F1CC38FD218E4 /* Pods_ExtranetAppUITests.framework */ = {isa = PBXFileReference; explicitFileType = wrapper.framework; includeInIndex = 0; path = Pods_ExtranetAppUITests.framework; sourceTree = BUILT_PRODUCTS_DIR; };
/* End PBXFileReference section */

/* Begin PBXFrameworksBuildPhase section */
		382027821EDF5BA90092D384 /* Frameworks */ = {
			isa = PBXFrameworksBuildPhase;
			buildActionMask = 2147483647;
			files = (
				EFEABB13575FF849D99FE03E /* Pods_ExtranetApp.framework in Frameworks */,
			);
			runOnlyForDeploymentPostprocessing = 0;
		};
		382027961EDF5BA90092D384 /* Frameworks */ = {
			isa = PBXFrameworksBuildPhase;
			buildActionMask = 2147483647;
			files = (
				4308C4C08547E5A369D46C55 /* Pods_ExtranetAppTests.framework in Frameworks */,
			);
			runOnlyForDeploymentPostprocessing = 0;
		};
		382027A11EDF5BA90092D384 /* Frameworks */ = {
			isa = PBXFrameworksBuildPhase;
			buildActionMask = 2147483647;
			files = (
				CDD7D5E890A9042A41D52BD9 /* Pods_ExtranetAppUITests.framework in Frameworks */,
			);
			runOnlyForDeploymentPostprocessing = 0;
		};
/* End PBXFrameworksBuildPhase section */

/* Begin PBXGroup section */
		00FB5E841EE9AE760080D172 /* Fonts */ = {
			isa = PBXGroup;
			children = (
				00FB5E851EE9AE900080D172 /* Roboto-Black.ttf */,
				00FB5E861EE9AE900080D172 /* Roboto-BlackItalic.ttf */,
				00FB5E871EE9AE900080D172 /* Roboto-Bold.ttf */,
				00FB5E881EE9AE900080D172 /* Roboto-BoldItalic.ttf */,
				00FB5E891EE9AE900080D172 /* Roboto-Italic.ttf */,
				00FB5E8A1EE9AE900080D172 /* Roboto-Light.ttf */,
				00FB5E8B1EE9AE900080D172 /* Roboto-LightItalic.ttf */,
				00FB5E8C1EE9AE900080D172 /* Roboto-Medium.ttf */,
				00FB5E8D1EE9AE900080D172 /* Roboto-MediumItalic.ttf */,
				00FB5E8E1EE9AE900080D172 /* Roboto-Regular.ttf */,
				00FB5E8F1EE9AE900080D172 /* Roboto-Thin.ttf */,
				00FB5E901EE9AE900080D172 /* Roboto-ThinItalic.ttf */,
			);
			name = Fonts;
			sourceTree = "<group>";
		};
		3813AC671EEB1029004D8813 /* Profile */ = {
			isa = PBXGroup;
			children = (
				006DD1D61EE737F300E71768 /* ProfileViewController.swift */,
				3813AC611EE9FBD1004D8813 /* ProfileDetailsViewController.swift */,
				3813AC651EEABCA8004D8813 /* ProfileNotificationsViewController.swift */,
				3813AC631EEA01A5004D8813 /* ProfileInfoViewController.swift */,
			);
			name = Profile;
			sourceTree = "<group>";
		};
		3820277C1EDF5BA90092D384 = {
			isa = PBXGroup;
			children = (
				382027871EDF5BA90092D384 /* ExtranetApp */,
				3820279C1EDF5BA90092D384 /* ExtranetAppTests */,
				382027A71EDF5BA90092D384 /* ExtranetAppUITests */,
				382027861EDF5BA90092D384 /* Products */,
				493CA1113D8AAC8C6CE2AFDC /* Pods */,
				E823906356C3D1CB482D20E5 /* Frameworks */,
			);
			sourceTree = "<group>";
		};
		382027861EDF5BA90092D384 /* Products */ = {
			isa = PBXGroup;
			children = (
				382027851EDF5BA90092D384 /* ExtranetApp.app */,
				382027991EDF5BA90092D384 /* ExtranetAppTests.xctest */,
				382027A41EDF5BA90092D384 /* ExtranetAppUITests.xctest */,
			);
			name = Products;
			sourceTree = "<group>";
		};
		382027871EDF5BA90092D384 /* ExtranetApp */ = {
			isa = PBXGroup;
			children = (
				00FB5E841EE9AE760080D172 /* Fonts */,
				382027881EDF5BA90092D384 /* AppDelegate.swift */,
				38B6DBEF1EE98D2E00E592BB /* Reachability.swift */,
				3813AC681EEBFA8C004D8813 /* NotificationsUtils.swift */,
				3820278A1EDF5BA90092D384 /* ViewController.swift */,
				006DD1D21EE7243400E71768 /* Student.swift */,
				006DD1D41EE7274D00E71768 /* LoginViewController.swift */,
				006DD1D81EE73F0500E71768 /* utils.swift */,
				3813AC671EEB1029004D8813 /* Profile */,
				006DD1DA1EE741E800E71768 /* MarksViewController.swift */,
				006CE2581EE81194001F156A /* CourseViewController.swift */,
				38283FD21EE9B17000A9DE49 /* CourseTableViewCell.swift */,
				3820278C1EDF5BA90092D384 /* Main.storyboard */,
				3820278F1EDF5BA90092D384 /* Assets.xcassets */,
				382027911EDF5BA90092D384 /* LaunchScreen.storyboard */,
				382027941EDF5BA90092D384 /* Info.plist */,
			);
			path = ExtranetApp;
			sourceTree = "<group>";
		};
		3820279C1EDF5BA90092D384 /* ExtranetAppTests */ = {
			isa = PBXGroup;
			children = (
				3820279D1EDF5BA90092D384 /* ExtranetAppTests.swift */,
				3820279F1EDF5BA90092D384 /* Info.plist */,
			);
			path = ExtranetAppTests;
			sourceTree = "<group>";
		};
		382027A71EDF5BA90092D384 /* ExtranetAppUITests */ = {
			isa = PBXGroup;
			children = (
				382027A81EDF5BA90092D384 /* ExtranetAppUITests.swift */,
				382027AA1EDF5BA90092D384 /* Info.plist */,
			);
			path = ExtranetAppUITests;
			sourceTree = "<group>";
		};
		493CA1113D8AAC8C6CE2AFDC /* Pods */ = {
			isa = PBXGroup;
			children = (
				16AE405F965644DD7E64E6DC /* Pods-ExtranetApp.debug.xcconfig */,
				70D689577F079E695F1FAADA /* Pods-ExtranetApp.release.xcconfig */,
				5EB7D9248F386D74EABADDB3 /* Pods-ExtranetAppTests.debug.xcconfig */,
				C250F17A8220E31EC679A718 /* Pods-ExtranetAppTests.release.xcconfig */,
				9DDABD68417498F053514B07 /* Pods-ExtranetAppUITests.debug.xcconfig */,
				6E5B7D89602CF385F9CE031D /* Pods-ExtranetAppUITests.release.xcconfig */,
			);
			name = Pods;
			sourceTree = "<group>";
		};
		E823906356C3D1CB482D20E5 /* Frameworks */ = {
			isa = PBXGroup;
			children = (
				977E027FC4C5EEC0B390966B /* Pods_ExtranetApp.framework */,
				47A4694A4E085201FB81B6CA /* Pods_ExtranetAppTests.framework */,
				D29F3410D68F1CC38FD218E4 /* Pods_ExtranetAppUITests.framework */,
			);
			name = Frameworks;
			sourceTree = "<group>";
		};
/* End PBXGroup section */

/* Begin PBXNativeTarget section */
		382027841EDF5BA90092D384 /* ExtranetApp */ = {
			isa = PBXNativeTarget;
			buildConfigurationList = 382027AD1EDF5BA90092D384 /* Build configuration list for PBXNativeTarget "ExtranetApp" */;
			buildPhases = (
				626D736E1ED425B62977E081 /* [CP] Check Pods Manifest.lock */,
				382027811EDF5BA90092D384 /* Sources */,
				382027821EDF5BA90092D384 /* Frameworks */,
				382027831EDF5BA90092D384 /* Resources */,
				45DB91C45759390B83007DAF /* [CP] Embed Pods Frameworks */,
				6B92CC9C3356ABB615AF76F9 /* [CP] Copy Pods Resources */,
			);
			buildRules = (
			);
			dependencies = (
			);
			name = ExtranetApp;
			productName = ExtranetApp;
			productReference = 382027851EDF5BA90092D384 /* ExtranetApp.app */;
			productType = "com.apple.product-type.application";
		};
		382027981EDF5BA90092D384 /* ExtranetAppTests */ = {
			isa = PBXNativeTarget;
			buildConfigurationList = 382027B01EDF5BA90092D384 /* Build configuration list for PBXNativeTarget "ExtranetAppTests" */;
			buildPhases = (
				2EC391EC52B666ABE0C0FE9A /* [CP] Check Pods Manifest.lock */,
				382027951EDF5BA90092D384 /* Sources */,
				382027961EDF5BA90092D384 /* Frameworks */,
				382027971EDF5BA90092D384 /* Resources */,
				2B01B4695C43992DB0CC375A /* [CP] Embed Pods Frameworks */,
				CF17527923868028488552D2 /* [CP] Copy Pods Resources */,
			);
			buildRules = (
			);
			dependencies = (
				3820279B1EDF5BA90092D384 /* PBXTargetDependency */,
			);
			name = ExtranetAppTests;
			productName = ExtranetAppTests;
			productReference = 382027991EDF5BA90092D384 /* ExtranetAppTests.xctest */;
			productType = "com.apple.product-type.bundle.unit-test";
		};
		382027A31EDF5BA90092D384 /* ExtranetAppUITests */ = {
			isa = PBXNativeTarget;
			buildConfigurationList = 382027B31EDF5BA90092D384 /* Build configuration list for PBXNativeTarget "ExtranetAppUITests" */;
			buildPhases = (
				906509CB0BE0CD23386180F9 /* [CP] Check Pods Manifest.lock */,
				382027A01EDF5BA90092D384 /* Sources */,
				382027A11EDF5BA90092D384 /* Frameworks */,
				382027A21EDF5BA90092D384 /* Resources */,
				E017BE855E9D4C0104121F68 /* [CP] Embed Pods Frameworks */,
				6AD136034FB943819396D6B4 /* [CP] Copy Pods Resources */,
			);
			buildRules = (
			);
			dependencies = (
				382027A61EDF5BA90092D384 /* PBXTargetDependency */,
			);
			name = ExtranetAppUITests;
			productName = ExtranetAppUITests;
			productReference = 382027A41EDF5BA90092D384 /* ExtranetAppUITests.xctest */;
			productType = "com.apple.product-type.bundle.ui-testing";
		};
/* End PBXNativeTarget section */

/* Begin PBXProject section */
		3820277D1EDF5BA90092D384 /* Project object */ = {
			isa = PBXProject;
			attributes = {
				LastSwiftUpdateCheck = 0830;
				LastUpgradeCheck = 0820;
				ORGANIZATIONNAME = Tastyapp;
				TargetAttributes = {
					382027841EDF5BA90092D384 = {
						CreatedOnToolsVersion = 8.3.2;
						DevelopmentTeam = 32M3E59Q24;
						ProvisioningStyle = Automatic;
					};
					382027981EDF5BA90092D384 = {
						CreatedOnToolsVersion = 8.3.2;
						DevelopmentTeam = 32M3E59Q24;
						ProvisioningStyle = Automatic;
						TestTargetID = 382027841EDF5BA90092D384;
					};
					382027A31EDF5BA90092D384 = {
						CreatedOnToolsVersion = 8.3.2;
						DevelopmentTeam = 32M3E59Q24;
						ProvisioningStyle = Automatic;
						TestTargetID = 382027841EDF5BA90092D384;
					};
				};
			};
			buildConfigurationList = 382027801EDF5BA90092D384 /* Build configuration list for PBXProject "ExtranetApp" */;
			compatibilityVersion = "Xcode 3.2";
			developmentRegion = English;
			hasScannedForEncodings = 0;
			knownRegions = (
				en,
				Base,
			);
			mainGroup = 3820277C1EDF5BA90092D384;
			productRefGroup = 382027861EDF5BA90092D384 /* Products */;
			projectDirPath = "";
			projectRoot = "";
			targets = (
				382027841EDF5BA90092D384 /* ExtranetApp */,
				382027981EDF5BA90092D384 /* ExtranetAppTests */,
				382027A31EDF5BA90092D384 /* ExtranetAppUITests */,
			);
		};
/* End PBXProject section */

/* Begin PBXResourcesBuildPhase section */
		382027831EDF5BA90092D384 /* Resources */ = {
			isa = PBXResourcesBuildPhase;
			buildActionMask = 2147483647;
			files = (
				00FB5E9C1EE9AE900080D172 /* Roboto-ThinItalic.ttf in Resources */,
				00FB5E9B1EE9AE900080D172 /* Roboto-Thin.ttf in Resources */,
				382027931EDF5BA90092D384 /* LaunchScreen.storyboard in Resources */,
				382027901EDF5BA90092D384 /* Assets.xcassets in Resources */,
				00FB5E971EE9AE900080D172 /* Roboto-LightItalic.ttf in Resources */,
				00FB5E931EE9AE900080D172 /* Roboto-Bold.ttf in Resources */,
				00FB5E991EE9AE900080D172 /* Roboto-MediumItalic.ttf in Resources */,
				00FB5E921EE9AE900080D172 /* Roboto-BlackItalic.ttf in Resources */,
				3820278E1EDF5BA90092D384 /* Main.storyboard in Resources */,
				00FB5E951EE9AE900080D172 /* Roboto-Italic.ttf in Resources */,
				00FB5E941EE9AE900080D172 /* Roboto-BoldItalic.ttf in Resources */,
				00FB5E981EE9AE900080D172 /* Roboto-Medium.ttf in Resources */,
				00FB5E9A1EE9AE900080D172 /* Roboto-Regular.ttf in Resources */,
				00FB5E911EE9AE900080D172 /* Roboto-Black.ttf in Resources */,
				00FB5E961EE9AE900080D172 /* Roboto-Light.ttf in Resources */,
			);
			runOnlyForDeploymentPostprocessing = 0;
		};
		382027971EDF5BA90092D384 /* Resources */ = {
			isa = PBXResourcesBuildPhase;
			buildActionMask = 2147483647;
			files = (
			);
			runOnlyForDeploymentPostprocessing = 0;
		};
		382027A21EDF5BA90092D384 /* Resources */ = {
			isa = PBXResourcesBuildPhase;
			buildActionMask = 2147483647;
			files = (
			);
			runOnlyForDeploymentPostprocessing = 0;
		};
/* End PBXResourcesBuildPhase section */

/* Begin PBXShellScriptBuildPhase section */
		2B01B4695C43992DB0CC375A /* [CP] Embed Pods Frameworks */ = {
			isa = PBXShellScriptBuildPhase;
			buildActionMask = 2147483647;
			files = (
			);
			inputPaths = (
			);
			name = "[CP] Embed Pods Frameworks";
			outputPaths = (
			);
			runOnlyForDeploymentPostprocessing = 0;
			shellPath = /bin/sh;
			shellScript = "\"${SRCROOT}/Pods/Target Support Files/Pods-ExtranetAppTests/Pods-ExtranetAppTests-frameworks.sh\"\n";
			showEnvVarsInLog = 0;
		};
		2EC391EC52B666ABE0C0FE9A /* [CP] Check Pods Manifest.lock */ = {
			isa = PBXShellScriptBuildPhase;
			buildActionMask = 2147483647;
			files = (
			);
			inputPaths = (
			);
			name = "[CP] Check Pods Manifest.lock";
			outputPaths = (
			);
			runOnlyForDeploymentPostprocessing = 0;
			shellPath = /bin/sh;
			shellScript = "diff \"${PODS_PODFILE_DIR_PATH}/Podfile.lock\" \"${PODS_ROOT}/Manifest.lock\" > /dev/null\nif [ $? != 0 ] ; then\n    # print error to STDERR\n    echo \"error: The sandbox is not in sync with the Podfile.lock. Run 'pod install' or update your CocoaPods installation.\" >&2\n    exit 1\nfi\n";
			showEnvVarsInLog = 0;
		};
		45DB91C45759390B83007DAF /* [CP] Embed Pods Frameworks */ = {
			isa = PBXShellScriptBuildPhase;
			buildActionMask = 2147483647;
			files = (
			);
			inputPaths = (
			);
			name = "[CP] Embed Pods Frameworks";
			outputPaths = (
			);
			runOnlyForDeploymentPostprocessing = 0;
			shellPath = /bin/sh;
			shellScript = "\"${SRCROOT}/Pods/Target Support Files/Pods-ExtranetApp/Pods-ExtranetApp-frameworks.sh\"\n";
			showEnvVarsInLog = 0;
		};
		626D736E1ED425B62977E081 /* [CP] Check Pods Manifest.lock */ = {
			isa = PBXShellScriptBuildPhase;
			buildActionMask = 2147483647;
			files = (
			);
			inputPaths = (
			);
			name = "[CP] Check Pods Manifest.lock";
			outputPaths = (
			);
			runOnlyForDeploymentPostprocessing = 0;
			shellPath = /bin/sh;
			shellScript = "diff \"${PODS_PODFILE_DIR_PATH}/Podfile.lock\" \"${PODS_ROOT}/Manifest.lock\" > /dev/null\nif [ $? != 0 ] ; then\n    # print error to STDERR\n    echo \"error: The sandbox is not in sync with the Podfile.lock. Run 'pod install' or update your CocoaPods installation.\" >&2\n    exit 1\nfi\n";
			showEnvVarsInLog = 0;
		};
		6AD136034FB943819396D6B4 /* [CP] Copy Pods Resources */ = {
			isa = PBXShellScriptBuildPhase;
			buildActionMask = 2147483647;
			files = (
			);
			inputPaths = (
			);
			name = "[CP] Copy Pods Resources";
			outputPaths = (
			);
			runOnlyForDeploymentPostprocessing = 0;
			shellPath = /bin/sh;
			shellScript = "\"${SRCROOT}/Pods/Target Support Files/Pods-ExtranetAppUITests/Pods-ExtranetAppUITests-resources.sh\"\n";
			showEnvVarsInLog = 0;
		};
		6B92CC9C3356ABB615AF76F9 /* [CP] Copy Pods Resources */ = {
			isa = PBXShellScriptBuildPhase;
			buildActionMask = 2147483647;
			files = (
			);
			inputPaths = (
			);
			name = "[CP] Copy Pods Resources";
			outputPaths = (
			);
			runOnlyForDeploymentPostprocessing = 0;
			shellPath = /bin/sh;
			shellScript = "\"${SRCROOT}/Pods/Target Support Files/Pods-ExtranetApp/Pods-ExtranetApp-resources.sh\"\n";
			showEnvVarsInLog = 0;
		};
		906509CB0BE0CD23386180F9 /* [CP] Check Pods Manifest.lock */ = {
			isa = PBXShellScriptBuildPhase;
			buildActionMask = 2147483647;
			files = (
			);
			inputPaths = (
			);
			name = "[CP] Check Pods Manifest.lock";
			outputPaths = (
			);
			runOnlyForDeploymentPostprocessing = 0;
			shellPath = /bin/sh;
			shellScript = "diff \"${PODS_PODFILE_DIR_PATH}/Podfile.lock\" \"${PODS_ROOT}/Manifest.lock\" > /dev/null\nif [ $? != 0 ] ; then\n    # print error to STDERR\n    echo \"error: The sandbox is not in sync with the Podfile.lock. Run 'pod install' or update your CocoaPods installation.\" >&2\n    exit 1\nfi\n";
			showEnvVarsInLog = 0;
		};
		CF17527923868028488552D2 /* [CP] Copy Pods Resources */ = {
			isa = PBXShellScriptBuildPhase;
			buildActionMask = 2147483647;
			files = (
			);
			inputPaths = (
			);
			name = "[CP] Copy Pods Resources";
			outputPaths = (
			);
			runOnlyForDeploymentPostprocessing = 0;
			shellPath = /bin/sh;
			shellScript = "\"${SRCROOT}/Pods/Target Support Files/Pods-ExtranetAppTests/Pods-ExtranetAppTests-resources.sh\"\n";
			showEnvVarsInLog = 0;
		};
		E017BE855E9D4C0104121F68 /* [CP] Embed Pods Frameworks */ = {
			isa = PBXShellScriptBuildPhase;
			buildActionMask = 2147483647;
			files = (
			);
			inputPaths = (
			);
			name = "[CP] Embed Pods Frameworks";
			outputPaths = (
			);
			runOnlyForDeploymentPostprocessing = 0;
			shellPath = /bin/sh;
			shellScript = "\"${SRCROOT}/Pods/Target Support Files/Pods-ExtranetAppUITests/Pods-ExtranetAppUITests-frameworks.sh\"\n";
			showEnvVarsInLog = 0;
		};
/* End PBXShellScriptBuildPhase section */

/* Begin PBXSourcesBuildPhase section */
		382027811EDF5BA90092D384 /* Sources */ = {
			isa = PBXSourcesBuildPhase;
			buildActionMask = 2147483647;
			files = (
				006DD1D51EE7274D00E71768 /* LoginViewController.swift in Sources */,
				3820278B1EDF5BA90092D384 /* ViewController.swift in Sources */,
				006DD1D71EE737F300E71768 /* ProfileViewController.swift in Sources */,
				006DD1D91EE73F0500E71768 /* utils.swift in Sources */,
				006DD1DB1EE741E800E71768 /* MarksViewController.swift in Sources */,
				3813AC621EE9FBD1004D8813 /* ProfileDetailsViewController.swift in Sources */,
				006DD1D31EE7243400E71768 /* Student.swift in Sources */,
				006CE2591EE81194001F156A /* CourseViewController.swift in Sources */,
				3813AC691EEBFA8C004D8813 /* NotificationsUtils.swift in Sources */,
				3813AC661EEABCA8004D8813 /* ProfileNotificationsViewController.swift in Sources */,
				38B6DBF01EE98D2E00E592BB /* Reachability.swift in Sources */,
				3813AC641EEA01A5004D8813 /* ProfileInfoViewController.swift in Sources */,
				382027891EDF5BA90092D384 /* AppDelegate.swift in Sources */,
				38283FD31EE9B17000A9DE49 /* CourseTableViewCell.swift in Sources */,
			);
			runOnlyForDeploymentPostprocessing = 0;
		};
		382027951EDF5BA90092D384 /* Sources */ = {
			isa = PBXSourcesBuildPhase;
			buildActionMask = 2147483647;
			files = (
				3820279E1EDF5BA90092D384 /* ExtranetAppTests.swift in Sources */,
			);
			runOnlyForDeploymentPostprocessing = 0;
		};
		382027A01EDF5BA90092D384 /* Sources */ = {
			isa = PBXSourcesBuildPhase;
			buildActionMask = 2147483647;
			files = (
				382027A91EDF5BA90092D384 /* ExtranetAppUITests.swift in Sources */,
			);
			runOnlyForDeploymentPostprocessing = 0;
		};
/* End PBXSourcesBuildPhase section */

/* Begin PBXTargetDependency section */
		3820279B1EDF5BA90092D384 /* PBXTargetDependency */ = {
			isa = PBXTargetDependency;
			target = 382027841EDF5BA90092D384 /* ExtranetApp */;
			targetProxy = 3820279A1EDF5BA90092D384 /* PBXContainerItemProxy */;
		};
		382027A61EDF5BA90092D384 /* PBXTargetDependency */ = {
			isa = PBXTargetDependency;
			target = 382027841EDF5BA90092D384 /* ExtranetApp */;
			targetProxy = 382027A51EDF5BA90092D384 /* PBXContainerItemProxy */;
		};
/* End PBXTargetDependency section */

/* Begin PBXVariantGroup section */
		3820278C1EDF5BA90092D384 /* Main.storyboard */ = {
			isa = PBXVariantGroup;
			children = (
				3820278D1EDF5BA90092D384 /* Base */,
			);
			name = Main.storyboard;
			sourceTree = "<group>";
		};
		382027911EDF5BA90092D384 /* LaunchScreen.storyboard */ = {
			isa = PBXVariantGroup;
			children = (
				382027921EDF5BA90092D384 /* Base */,
			);
			name = LaunchScreen.storyboard;
			sourceTree = "<group>";
		};
/* End PBXVariantGroup section */

/* Begin XCBuildConfiguration section */
		382027AB1EDF5BA90092D384 /* Debug */ = {
			isa = XCBuildConfiguration;
			buildSettings = {
				ALWAYS_SEARCH_USER_PATHS = NO;
				CLANG_ANALYZER_NONNULL = YES;
				CLANG_ANALYZER_NUMBER_OBJECT_CONVERSION = YES_AGGRESSIVE;
				CLANG_CXX_LANGUAGE_STANDARD = "gnu++0x";
				CLANG_CXX_LIBRARY = "libc++";
				CLANG_ENABLE_MODULES = YES;
				CLANG_ENABLE_OBJC_ARC = YES;
				CLANG_WARN_BOOL_CONVERSION = YES;
				CLANG_WARN_CONSTANT_CONVERSION = YES;
				CLANG_WARN_DIRECT_OBJC_ISA_USAGE = YES_ERROR;
				CLANG_WARN_DOCUMENTATION_COMMENTS = YES;
				CLANG_WARN_EMPTY_BODY = YES;
				CLANG_WARN_ENUM_CONVERSION = YES;
				CLANG_WARN_INFINITE_RECURSION = YES;
				CLANG_WARN_INT_CONVERSION = YES;
				CLANG_WARN_OBJC_ROOT_CLASS = YES_ERROR;
				CLANG_WARN_SUSPICIOUS_MOVE = YES;
				CLANG_WARN_UNREACHABLE_CODE = YES;
				CLANG_WARN__DUPLICATE_METHOD_MATCH = YES;
				"CODE_SIGN_IDENTITY[sdk=iphoneos*]" = "iPhone Developer";
				COPY_PHASE_STRIP = NO;
				DEBUG_INFORMATION_FORMAT = dwarf;
				ENABLE_STRICT_OBJC_MSGSEND = YES;
				ENABLE_TESTABILITY = YES;
				GCC_C_LANGUAGE_STANDARD = gnu99;
				GCC_DYNAMIC_NO_PIC = NO;
				GCC_NO_COMMON_BLOCKS = YES;
				GCC_OPTIMIZATION_LEVEL = 0;
				GCC_PREPROCESSOR_DEFINITIONS = (
					"DEBUG=1",
					"$(inherited)",
				);
				GCC_WARN_64_TO_32_BIT_CONVERSION = YES;
				GCC_WARN_ABOUT_RETURN_TYPE = YES_ERROR;
				GCC_WARN_UNDECLARED_SELECTOR = YES;
				GCC_WARN_UNINITIALIZED_AUTOS = YES_AGGRESSIVE;
				GCC_WARN_UNUSED_FUNCTION = YES;
				GCC_WARN_UNUSED_VARIABLE = YES;
				IPHONEOS_DEPLOYMENT_TARGET = 10.2;
				MTL_ENABLE_DEBUG_INFO = YES;
				ONLY_ACTIVE_ARCH = YES;
				SDKROOT = iphoneos;
				SWIFT_ACTIVE_COMPILATION_CONDITIONS = DEBUG;
				SWIFT_OPTIMIZATION_LEVEL = "-Onone";
				TARGETED_DEVICE_FAMILY = "1,2";
			};
			name = Debug;
		};
		382027AC1EDF5BA90092D384 /* Release */ = {
			isa = XCBuildConfiguration;
			buildSettings = {
				ALWAYS_SEARCH_USER_PATHS = NO;
				CLANG_ANALYZER_NONNULL = YES;
				CLANG_ANALYZER_NUMBER_OBJECT_CONVERSION = YES_AGGRESSIVE;
				CLANG_CXX_LANGUAGE_STANDARD = "gnu++0x";
				CLANG_CXX_LIBRARY = "libc++";
				CLANG_ENABLE_MODULES = YES;
				CLANG_ENABLE_OBJC_ARC = YES;
				CLANG_WARN_BOOL_CONVERSION = YES;
				CLANG_WARN_CONSTANT_CONVERSION = YES;
				CLANG_WARN_DIRECT_OBJC_ISA_USAGE = YES_ERROR;
				CLANG_WARN_DOCUMENTATION_COMMENTS = YES;
				CLANG_WARN_EMPTY_BODY = YES;
				CLANG_WARN_ENUM_CONVERSION = YES;
				CLANG_WARN_INFINITE_RECURSION = YES;
				CLANG_WARN_INT_CONVERSION = YES;
				CLANG_WARN_OBJC_ROOT_CLASS = YES_ERROR;
				CLANG_WARN_SUSPICIOUS_MOVE = YES;
				CLANG_WARN_UNREACHABLE_CODE = YES;
				CLANG_WARN__DUPLICATE_METHOD_MATCH = YES;
				"CODE_SIGN_IDENTITY[sdk=iphoneos*]" = "iPhone Developer";
				COPY_PHASE_STRIP = NO;
				DEBUG_INFORMATION_FORMAT = "dwarf-with-dsym";
				ENABLE_NS_ASSERTIONS = NO;
				ENABLE_STRICT_OBJC_MSGSEND = YES;
				GCC_C_LANGUAGE_STANDARD = gnu99;
				GCC_NO_COMMON_BLOCKS = YES;
				GCC_WARN_64_TO_32_BIT_CONVERSION = YES;
				GCC_WARN_ABOUT_RETURN_TYPE = YES_ERROR;
				GCC_WARN_UNDECLARED_SELECTOR = YES;
				GCC_WARN_UNINITIALIZED_AUTOS = YES_AGGRESSIVE;
				GCC_WARN_UNUSED_FUNCTION = YES;
				GCC_WARN_UNUSED_VARIABLE = YES;
				IPHONEOS_DEPLOYMENT_TARGET = 10.2;
				MTL_ENABLE_DEBUG_INFO = NO;
				SDKROOT = iphoneos;
				SWIFT_OPTIMIZATION_LEVEL = "-Owholemodule";
				TARGETED_DEVICE_FAMILY = "1,2";
				VALIDATE_PRODUCT = YES;
			};
			name = Release;
		};
		382027AE1EDF5BA90092D384 /* Debug */ = {
			isa = XCBuildConfiguration;
			baseConfigurationReference = 16AE405F965644DD7E64E6DC /* Pods-ExtranetApp.debug.xcconfig */;
			buildSettings = {
				ALWAYS_EMBED_SWIFT_STANDARD_LIBRARIES = YES;
				ASSETCATALOG_COMPILER_APPICON_NAME = AppIcon;
				DEVELOPMENT_TEAM = 32M3E59Q24;
				INFOPLIST_FILE = ExtranetApp/Info.plist;
				LD_RUNPATH_SEARCH_PATHS = "$(inherited) @executable_path/Frameworks";
				PRODUCT_BUNDLE_IDENTIFIER = Tastyapp.ExtranetApp;
				PRODUCT_NAME = "$(TARGET_NAME)";
				SWIFT_VERSION = 3.0;
			};
			name = Debug;
		};
		382027AF1EDF5BA90092D384 /* Release */ = {
			isa = XCBuildConfiguration;
			baseConfigurationReference = 70D689577F079E695F1FAADA /* Pods-ExtranetApp.release.xcconfig */;
			buildSettings = {
				ALWAYS_EMBED_SWIFT_STANDARD_LIBRARIES = YES;
				ASSETCATALOG_COMPILER_APPICON_NAME = AppIcon;
				DEVELOPMENT_TEAM = 32M3E59Q24;
				INFOPLIST_FILE = ExtranetApp/Info.plist;
				LD_RUNPATH_SEARCH_PATHS = "$(inherited) @executable_path/Frameworks";
				PRODUCT_BUNDLE_IDENTIFIER = Tastyapp.ExtranetApp;
				PRODUCT_NAME = "$(TARGET_NAME)";
				SWIFT_VERSION = 3.0;
			};
			name = Release;
		};
		382027B11EDF5BA90092D384 /* Debug */ = {
			isa = XCBuildConfiguration;
			baseConfigurationReference = 5EB7D9248F386D74EABADDB3 /* Pods-ExtranetAppTests.debug.xcconfig */;
			buildSettings = {
				ALWAYS_EMBED_SWIFT_STANDARD_LIBRARIES = YES;
				BUNDLE_LOADER = "$(TEST_HOST)";
				DEVELOPMENT_TEAM = 32M3E59Q24;
				INFOPLIST_FILE = ExtranetAppTests/Info.plist;
				LD_RUNPATH_SEARCH_PATHS = "$(inherited) @executable_path/Frameworks @loader_path/Frameworks";
				PRODUCT_BUNDLE_IDENTIFIER = Tastyapp.ExtranetAppTests;
				PRODUCT_NAME = "$(TARGET_NAME)";
				SWIFT_VERSION = 3.0;
				TEST_HOST = "$(BUILT_PRODUCTS_DIR)/ExtranetApp.app/ExtranetApp";
			};
			name = Debug;
		};
		382027B21EDF5BA90092D384 /* Release */ = {
			isa = XCBuildConfiguration;
			baseConfigurationReference = C250F17A8220E31EC679A718 /* Pods-ExtranetAppTests.release.xcconfig */;
			buildSettings = {
				ALWAYS_EMBED_SWIFT_STANDARD_LIBRARIES = YES;
				BUNDLE_LOADER = "$(TEST_HOST)";
				DEVELOPMENT_TEAM = 32M3E59Q24;
				INFOPLIST_FILE = ExtranetAppTests/Info.plist;
				LD_RUNPATH_SEARCH_PATHS = "$(inherited) @executable_path/Frameworks @loader_path/Frameworks";
				PRODUCT_BUNDLE_IDENTIFIER = Tastyapp.ExtranetAppTests;
				PRODUCT_NAME = "$(TARGET_NAME)";
				SWIFT_VERSION = 3.0;
				TEST_HOST = "$(BUILT_PRODUCTS_DIR)/ExtranetApp.app/ExtranetApp";
			};
			name = Release;
		};
		382027B41EDF5BA90092D384 /* Debug */ = {
			isa = XCBuildConfiguration;
			baseConfigurationReference = 9DDABD68417498F053514B07 /* Pods-ExtranetAppUITests.debug.xcconfig */;
			buildSettings = {
				ALWAYS_EMBED_SWIFT_STANDARD_LIBRARIES = YES;
				DEVELOPMENT_TEAM = 32M3E59Q24;
				INFOPLIST_FILE = ExtranetAppUITests/Info.plist;
				LD_RUNPATH_SEARCH_PATHS = "$(inherited) @executable_path/Frameworks @loader_path/Frameworks";
				PRODUCT_BUNDLE_IDENTIFIER = Tastyapp.ExtranetAppUITests;
				PRODUCT_NAME = "$(TARGET_NAME)";
				SWIFT_VERSION = 3.0;
				TEST_TARGET_NAME = ExtranetApp;
			};
			name = Debug;
		};
		382027B51EDF5BA90092D384 /* Release */ = {
			isa = XCBuildConfiguration;
			baseConfigurationReference = 6E5B7D89602CF385F9CE031D /* Pods-ExtranetAppUITests.release.xcconfig */;
			buildSettings = {
				ALWAYS_EMBED_SWIFT_STANDARD_LIBRARIES = YES;
				DEVELOPMENT_TEAM = 32M3E59Q24;
				INFOPLIST_FILE = ExtranetAppUITests/Info.plist;
				LD_RUNPATH_SEARCH_PATHS = "$(inherited) @executable_path/Frameworks @loader_path/Frameworks";
				PRODUCT_BUNDLE_IDENTIFIER = Tastyapp.ExtranetAppUITests;
				PRODUCT_NAME = "$(TARGET_NAME)";
				SWIFT_VERSION = 3.0;
				TEST_TARGET_NAME = ExtranetApp;
			};
			name = Release;
		};
/* End XCBuildConfiguration section */

/* Begin XCConfigurationList section */
		382027801EDF5BA90092D384 /* Build configuration list for PBXProject "ExtranetApp" */ = {
			isa = XCConfigurationList;
			buildConfigurations = (
				382027AB1EDF5BA90092D384 /* Debug */,
				382027AC1EDF5BA90092D384 /* Release */,
			);
			defaultConfigurationIsVisible = 0;
			defaultConfigurationName = Release;
		};
		382027AD1EDF5BA90092D384 /* Build configuration list for PBXNativeTarget "ExtranetApp" */ = {
			isa = XCConfigurationList;
			buildConfigurations = (
				382027AE1EDF5BA90092D384 /* Debug */,
				382027AF1EDF5BA90092D384 /* Release */,
			);
			defaultConfigurationIsVisible = 0;
			defaultConfigurationName = Release;
		};
		382027B01EDF5BA90092D384 /* Build configuration list for PBXNativeTarget "ExtranetAppTests" */ = {
			isa = XCConfigurationList;
			buildConfigurations = (
				382027B11EDF5BA90092D384 /* Debug */,
				382027B21EDF5BA90092D384 /* Release */,
			);
			defaultConfigurationIsVisible = 0;
			defaultConfigurationName = Release;
		};
		382027B31EDF5BA90092D384 /* Build configuration list for PBXNativeTarget "ExtranetAppUITests" */ = {
			isa = XCConfigurationList;
			buildConfigurations = (
				382027B41EDF5BA90092D384 /* Debug */,
				382027B51EDF5BA90092D384 /* Release */,
			);
			defaultConfigurationIsVisible = 0;
			defaultConfigurationName = Release;
		};
/* End XCConfigurationList section */
	};
	rootObject = 3820277D1EDF5BA90092D384 /* Project object */;
}
